
Microsoft Visual Studio Solution File, Format Version 12.00
# Visual Studio Version 16
VisualStudioVersion = 16.0.30907.101
MinimumVisualStudioVersion = 10.0.40219.1
Project("{FAE04EC0-301F-11D3-BF4B-00C04F79EFBC}") = "FluoriteWebhook", FluoriteWebhook\FluoriteWebhook.csproj", "{2F6E2009-F60A-4D3C-A1C1-F009AA78DF88}"
EndProject
Global
	GlobalSection(SolutionConfigurationPlatforms) = preSolution
		Debug|Any CPU = Debug|Any CPU
		Release|Any CPU = Release|Any CPU
	EndGlobalSection
	GlobalSection(ProjectConfigurationPlatforms) = postSolution
		{2F6E2009-F60A-4D3C-A1C1-F009AA78DF88}.Debug|Any CPU.ActiveCfg = Debug|Any CPU
		{2F6E2009-F60A-4D3C-A1C1-F009AA78DF88}.Debug|Any CPU.Build.0 = Debug|Any CPU
		{2F6E2009-F60A-4D3C-A1C1-F009AA78DF88}.Release|Any CPU.ActiveCfg = Release|Any CPU
		{2F6E2009-F60A-4D3C-A1C1-F009AA78DF88}.Release|Any CPU.Build.0 = Release|Any CPU
	EndGlobalSection
	GlobalSection(SolutionProperties) = preSolution
		HideSolutionNode = FALSE
	EndGlobalSection
	GlobalSection(ExtensibilityGlobals) = postSolution
		SolutionGuid = {8D1B5E52-F71F-4970-AC59-6F9C13F1DDC8}
	EndGlobalSection
EndGlobal
